<?xml version="1.0" encoding="utf-8"?>
<Project ToolsVersion="4.0" xmlns="http://schemas.microsoft.com/developer/msbuild/2003">
  <ItemGroup>
    <Filter Include="Source Files">
      <UniqueIdentifier>{4FC737F1-C7A5-4376-A066-2A32D752A2FF}</UniqueIdentifier>
      <Extensions>cpp;c;cc;cxx;def;odl;idl;hpj;bat;asm;asmx</Extensions>
    </Filter>
    <Filter Include="Header Files">
      <UniqueIdentifier>{93995380-89BD-4b04-88EB-625FBE52EBFB}</UniqueIdentifier>
      <Extensions>h;hh;hpp;hxx;hm;inl;inc;ipp;xsd</Extensions>
    </Filter>
    <Filter Include="Resource Files">
      <UniqueIdentifier>{67DA6AB6-F800-4c08-8B7A-83BB121AAD01}</UniqueIdentifier>
      <Extensions>rc;ico;cur;bmp;dlg;rc2;rct;bin;rgs;gif;jpg;jpeg;jpe;resx;tiff;tif;png;wav;mfcribbon-ms</Extensions>
    </Filter>
    <Filter Include="image">
      <UniqueIdentifier>{fd7bd775-344c-49ba-8426-d6bdf84442ff}</UniqueIdentifier>
    </Filter>
    <Filter Include="graphics">
      <UniqueIdentifier>{8c9bc19c-2486-4836-b48b-0f3813d73403}</UniqueIdentifier>
    </Filter>
    <Filter Include="actor">
      <UniqueIdentifier>{20290496-9d12-478a-8914-e3dd24ffb57f}</UniqueIdentifier>
    </Filter>
    <Filter Include="scenes">
      <UniqueIdentifier>{155d8b90-eee4-4529-b657-f34701a6d0b7}</UniqueIdentifier>
    </Filter>
    <Filter Include="utils">
      <UniqueIdentifier>{ae742e2c-2da7-40ad-b960-caf9b75c362f}</UniqueIdentifier>
    </Filter>
    <Filter Include="mesh">
      <UniqueIdentifier>{c7c0b09c-de91-46ba-ba0b-c54fbf7a7c98}</UniqueIdentifier>
    </Filter>
  </ItemGroup>
  <ItemGroup>
    <ClCompile Include="splash_screen_graphics.cpp">
      <Filter>graphics</Filter>
    </ClCompile>
    <ClCompile Include="main_menu.cpp">
      <Filter>scenes</Filter>
    </ClCompile>
    <ClCompile Include="splash_screen.cpp">
      <Filter>scenes</Filter>
    </ClCompile>
    <ClCompile Include="graphics_utils.cpp">
      <Filter>utils</Filter>
    </ClCompile>
    <ClCompile Include="utils.cpp">
      <Filter>utils</Filter>
    </ClCompile>
    <ClCompile Include="actor.cpp">
      <Filter>actor</Filter>
    </ClCompile>
    <ClCompile Include="error.cpp">
      <Filter>Source Files</Filter>
    </ClCompile>
    <ClCompile Include="game.cpp">
      <Filter>Source Files</Filter>
    </ClCompile>
    <ClCompile Include="main.cpp">
      <Filter>Source Files</Filter>
    </ClCompile>
    <ClCompile Include="image.cpp">
      <Filter>image</Filter>
    </ClCompile>
    <ClCompile Include="common_graphics.cpp">
      <Filter>graphics</Filter>
    </ClCompile>
    <ClCompile Include="mesh.cpp">
      <Filter>mesh</Filter>
    </ClCompile>
  </ItemGroup>
  <ItemGroup>
    <ClInclude Include="splash_screen_graphics.hpp">
      <Filter>graphics</Filter>
    </ClInclude>
    <ClInclude Include="main_menu.hpp">
      <Filter>scenes</Filter>
    </ClInclude>
    <ClInclude Include="splash_screen.hpp">
      <Filter>scenes</Filter>
    </ClInclude>
    <ClInclude Include="graphics_utils.hpp">
      <Filter>utils</Filter>
    </ClInclude>
    <ClInclude Include="utils.hpp">
      <Filter>utils</Filter>
    </ClInclude>
    <ClInclude Include="actor.hpp">
      <Filter>actor</Filter>
    </ClInclude>
    <ClInclude Include="error.hpp">
      <Filter>Header Files</Filter>
    </ClInclude>
    <ClInclude Include="game.hpp">
      <Filter>Header Files</Filter>
    </ClInclude>
    <ClInclude Include="image.hpp">
      <Filter>image</Filter>
    </ClInclude>
    <ClInclude Include="common_graphics.hpp">
      <Filter>graphics</Filter>
    </ClInclude>
    <ClInclude Include="mesh.hpp">
      <Filter>mesh</Filter>
    </ClInclude>
  </ItemGroup>
</Project>